
Microsoft Visual Studio Solution File, Format Version 12.00
# Visual Studio 15
VisualStudioVersion = 15.0.28010.2048
MinimumVisualStudioVersion = 10.0.40219.1
Project("{8BC9CEB8-8B4A-11D0-8D11-00A0C91BC942}") = "Asteroids Client", "Asteroids Client.vcxproj", "{86D86E13-3462-4628-B047-E21FB6537388}"
EndProject
Global
	GlobalSection(SolutionConfigurationPlatforms) = preSolution
		Debug|x64 = Debug|x64
		Debug|x86 = Debug|x86
		Release|x64 = Release|x64
		Release|x86 = Release|x86
	EndGlobalSection
	GlobalSection(ProjectConfigurationPlatforms) = postSolution
		{86D86E13-3462-4628-B047-E21FB6537388}.Debug|x64.ActiveCfg = Debug|x64
		{86D86E13-3462-4628-B047-E21FB6537388}.Debug|x64.Build.0 = Debug|x64
		{86D86E13-3462-4628-B047-E21FB6537388}.Debug|x86.ActiveCfg = Debug|Win32
		{86D86E13-3462-4628-B047-E21FB6537388}.Debug|x86.Build.0 = Debug|Win32
		{86D86E13-3462-4628-B047-E21FB6537388}.Release|x64.ActiveCfg = Release|x64
		{86D86E13-3462-4628-B047-E21FB6537388}.Release|x64.Build.0 = Release|x64
		{86D86E13-3462-4628-B047-E21FB6537388}.Release|x86.ActiveCfg = Release|Win32
		{86D86E13-3462-4628-B047-E21FB6537388}.Release|x86.Build.0 = Release|Win32
	EndGlobalSection
	GlobalSection(SolutionProperties) = preSolution
		HideSolutionNode = FALSE
	EndGlobalSection
	GlobalSection(ExtensibilityGlobals) = postSolution
		SolutionGuid = {E6F7A58F-3449-4536-8272-014C98E6F1B3}
	EndGlobalSection
EndGlobal
